
Microsoft Visual Studio Solution File, Format Version 12.00
# Visual Studio Version 17
VisualStudioVersion = 17.3.32819.101
MinimumVisualStudioVersion = 10.0.40219.1
Project("{9A19103F-16F7-4668-BE54-9A1E7A4F7556}") = "FastMath", "FastMath\FastMath.csproj", "{D654DFE7-EFB8-409A-B2AC-0337DEAB51FE}"
EndProject
Project("{9A19103F-16F7-4668-BE54-9A1E7A4F7556}") = "FastMathTests", "FastMathTests\FastMathTests.csproj", "{C8CC3ED7-E024-40B2-A346-F91CC30C57F3}"
EndProject
Global
	GlobalSection(SolutionConfigurationPlatforms) = preSolution
		Debug|Any CPU = Debug|Any CPU
		Release|Any CPU = Release|Any CPU
	EndGlobalSection
	GlobalSection(ProjectConfigurationPlatforms) = postSolution
		{D654DFE7-EFB8-409A-B2AC-0337DEAB51FE}.Debug|Any CPU.ActiveCfg = Debug|Any CPU
		{D654DFE7-EFB8-409A-B2AC-0337DEAB51FE}.Debug|Any CPU.Build.0 = Debug|Any CPU
		{D654DFE7-EFB8-409A-B2AC-0337DEAB51FE}.Release|Any CPU.ActiveCfg = Release|Any CPU
		{D654DFE7-EFB8-409A-B2AC-0337DEAB51FE}.Release|Any CPU.Build.0 = Release|Any CPU
		{C8CC3ED7-E024-40B2-A346-F91CC30C57F3}.Debug|Any CPU.ActiveCfg = Debug|Any CPU
		{C8CC3ED7-E024-40B2-A346-F91CC30C57F3}.Debug|Any CPU.Build.0 = Debug|Any CPU
		{C8CC3ED7-E024-40B2-A346-F91CC30C57F3}.Release|Any CPU.ActiveCfg = Release|Any CPU
		{C8CC3ED7-E024-40B2-A346-F91CC30C57F3}.Release|Any CPU.Build.0 = Release|Any CPU
	EndGlobalSection
	GlobalSection(SolutionProperties) = preSolution
		HideSolutionNode = FALSE
	EndGlobalSection
	GlobalSection(ExtensibilityGlobals) = postSolution
		SolutionGuid = {900D14B0-9B7B-42D8-8383-00E6C94DB043}
	EndGlobalSection
EndGlobal
